Microsoft Visual Studio Solution File, Format Version 11.00
# Visual Studio 2008

Project("{753F910D-C478-4631-85ED-9428CC8433CD}") = "AHKL", "Assembly-CSharp-firstpass.csproj", "{7501AF4B-DA39-3E0A-D746-F19674537527}"
EndProject
Project("{753F910D-C478-4631-85ED-9428CC8433CD}") = "AHKL", "Assembly-CSharp.csproj", "{4A30040D-9C88-7F16-F593-BF7BDB5B8183}"
EndProject
Project("{753F910D-C478-4631-85ED-9428CC8433CD}") = "AHKL", "Assembly-CSharp-Editor.csproj", "{F3BEF770-060F-0A38-43EE-EC7F2588701E}"
EndProject
Global
	GlobalSection(SolutionConfigurationPlatforms) = preSolution
		Debug|Any CPU = Debug|Any CPU
		Release|Any CPU = Release|Any CPU
	EndGlobalSection
	GlobalSection(ProjectConfigurationPlatforms) = postSolution
		{7501AF4B-DA39-3E0A-D746-F19674537527}.Debug|Any CPU.ActiveCfg = Debug|Any CPU
		{7501AF4B-DA39-3E0A-D746-F19674537527}.Debug|Any CPU.Build.0 = Debug|Any CPU
		{7501AF4B-DA39-3E0A-D746-F19674537527}.Release|Any CPU.ActiveCfg = Release|Any CPU
		{7501AF4B-DA39-3E0A-D746-F19674537527}.Release|Any CPU.Build.0 = Release|Any CPU
		{4A30040D-9C88-7F16-F593-BF7BDB5B8183}.Debug|Any CPU.ActiveCfg = Debug|Any CPU
		{4A30040D-9C88-7F16-F593-BF7BDB5B8183}.Debug|Any CPU.Build.0 = Debug|Any CPU
		{4A30040D-9C88-7F16-F593-BF7BDB5B8183}.Release|Any CPU.ActiveCfg = Release|Any CPU
		{4A30040D-9C88-7F16-F593-BF7BDB5B8183}.Release|Any CPU.Build.0 = Release|Any CPU
		{F3BEF770-060F-0A38-43EE-EC7F2588701E}.Debug|Any CPU.ActiveCfg = Debug|Any CPU
		{F3BEF770-060F-0A38-43EE-EC7F2588701E}.Debug|Any CPU.Build.0 = Debug|Any CPU
		{F3BEF770-060F-0A38-43EE-EC7F2588701E}.Release|Any CPU.ActiveCfg = Release|Any CPU
		{F3BEF770-060F-0A38-43EE-EC7F2588701E}.Release|Any CPU.Build.0 = Release|Any CPU
	EndGlobalSection
	GlobalSection(SolutionProperties) = preSolution
		HideSolutionNode = FALSE
	EndGlobalSection
	GlobalSection(MonoDevelopProperties) = preSolution
		StartupItem = Assembly-CSharp.csproj
	EndGlobalSection
EndGlobal
